
Microsoft Visual Studio Solution File, Format Version 11.00
# Visual Studio 2010
Project("{FAE04EC0-301F-11D3-BF4B-00C04F79EFBC}") = "WeiXinService", "WeiXinService\WeiXinService.csproj", "{1F5C9D1C-5347-4754-A898-D14F77B3F526}"
EndProject
Project("{FAE04EC0-301F-11D3-BF4B-00C04F79EFBC}") = "WeiXinService.Tests", "WeiXinService.Tests\WeiXinService.Tests.csproj", "{DE60130E-039B-43D8-9982-CBDA3A0793DC}"
EndProject
Global
	GlobalSection(SolutionConfigurationPlatforms) = preSolution
		Debug|Any CPU = Debug|Any CPU
		Release|Any CPU = Release|Any CPU
	EndGlobalSection
	GlobalSection(ProjectConfigurationPlatforms) = postSolution
		{1F5C9D1C-5347-4754-A898-D14F77B3F526}.Debug|Any CPU.ActiveCfg = Debug|Any CPU
		{1F5C9D1C-5347-4754-A898-D14F77B3F526}.Debug|Any CPU.Build.0 = Debug|Any CPU
		{1F5C9D1C-5347-4754-A898-D14F77B3F526}.Release|Any CPU.ActiveCfg = Release|Any CPU
		{1F5C9D1C-5347-4754-A898-D14F77B3F526}.Release|Any CPU.Build.0 = Release|Any CPU
		{DE60130E-039B-43D8-9982-CBDA3A0793DC}.Debug|Any CPU.ActiveCfg = Debug|Any CPU
		{DE60130E-039B-43D8-9982-CBDA3A0793DC}.Debug|Any CPU.Build.0 = Debug|Any CPU
		{DE60130E-039B-43D8-9982-CBDA3A0793DC}.Release|Any CPU.ActiveCfg = Release|Any CPU
		{DE60130E-039B-43D8-9982-CBDA3A0793DC}.Release|Any CPU.Build.0 = Release|Any CPU
	EndGlobalSection
	GlobalSection(SolutionProperties) = preSolution
		HideSolutionNode = FALSE
	EndGlobalSection
EndGlobal
